// !$*UTF8*$!
{
	archiveVersion = 1;
	classes = {
	};
	objectVersion = 50;
	objects = {

/* Begin PBXBuildFile section */
		2CD0093F2647157F00E9AA9B /* AppDelegate.swift in Sources */ = {isa = PBXBuildFile; fileRef = 2CD0093E2647157F00E9AA9B /* AppDelegate.swift */; };
		2CD009412647157F00E9AA9B /* SceneDelegate.swift in Sources */ = {isa = PBXBuildFile; fileRef = 2CD009402647157F00E9AA9B /* SceneDelegate.swift */; };
		2CD009432647157F00E9AA9B /* ContentView.swift in Sources */ = {isa = PBXBuildFile; fileRef = 2CD009422647157F00E9AA9B /* ContentView.swift */; };
		2CD009462647157F00E9AA9B /* Memories_stford_1.xcdatamodeld in Sources */ = {isa = PBXBuildFile; fileRef = 2CD009442647157F00E9AA9B /* Memories_stford_1.xcdatamodeld */; };
		2CD009482647158000E9AA9B /* Assets.xcassets in Resources */ = {isa = PBXBuildFile; fileRef = 2CD009472647158000E9AA9B /* Assets.xcassets */; };
		2CD0094B2647158000E9AA9B /* Preview Assets.xcassets in Resources */ = {isa = PBXBuildFile; fileRef = 2CD0094A2647158000E9AA9B /* Preview Assets.xcassets */; };
		2CD0094E2647158000E9AA9B /* LaunchScreen.storyboard in Resources */ = {isa = PBXBuildFile; fileRef = 2CD0094C2647158000E9AA9B /* LaunchScreen.storyboard */; };
/* End PBXBuildFile section */

/* Begin PBXFileReference section */
		2CD0093B2647157F00E9AA9B /* Memories_stford_1.app */ = {isa = PBXFileReference; explicitFileType = wrapper.application; includeInIndex = 0; path = Memories_stford_1.app; sourceTree = BUILT_PRODUCTS_DIR; };
		2CD0093E2647157F00E9AA9B /* AppDelegate.swift */ = {isa = PBXFileReference; lastKnownFileType = sourcecode.swift; path = AppDelegate.swift; sourceTree = "<group>"; };
		2CD009402647157F00E9AA9B /* SceneDelegate.swift */ = {isa = PBXFileReference; lastKnownFileType = sourcecode.swift; path = SceneDelegate.swift; sourceTree = "<group>"; };
		2CD009422647157F00E9AA9B /* ContentView.swift */ = {isa = PBXFileReference; lastKnownFileType = sourcecode.swift; path = ContentView.swift; sourceTree = "<group>"; };
		2CD009452647157F00E9AA9B /* Memories_stford_1.xcdatamodel */ = {isa = PBXFileReference; lastKnownFileType = wrapper.xcdatamodel; path = Memories_stford_1.xcdatamodel; sourceTree = "<group>"; };
		2CD009472647158000E9AA9B /* Assets.xcassets */ = {isa = PBXFileReference; lastKnownFileType = folder.assetcatalog; path = Assets.xcassets; sourceTree = "<group>"; };
		2CD0094A2647158000E9AA9B /* Preview Assets.xcassets */ = {isa = PBXFileReference; lastKnownFileType = folder.assetcatalog; path = "Preview Assets.xcassets"; sourceTree = "<group>"; };
		2CD0094D2647158000E9AA9B /* Base */ = {isa = PBXFileReference; lastKnownFileType = file.storyboard; name = Base; path = Base.lproj/LaunchScreen.storyboard; sourceTree = "<group>"; };
		2CD0094F2647158000E9AA9B /* Info.plist */ = {isa = PBXFileReference; lastKnownFileType = text.plist.xml; path = Info.plist; sourceTree = "<group>"; };
/* End PBXFileReference section */

/* Begin PBXFrameworksBuildPhase section */
		2CD009382647157F00E9AA9B /* Frameworks */ = {
			isa = PBXFrameworksBuildPhase;
			buildActionMask = 2147483647;
			files = (
			);
			runOnlyForDeploymentPostprocessing = 0;
		};
/* End PBXFrameworksBuildPhase section */

/* Begin PBXGroup section */
		2CD009322647157F00E9AA9B = {
			isa = PBXGroup;
			children = (
				2CD0093D2647157F00E9AA9B /* Memories_stford_1 */,
				2CD0093C2647157F00E9AA9B /* Products */,
			);
			sourceTree = "<group>";
		};
		2CD0093C2647157F00E9AA9B /* Products */ = {
			isa = PBXGroup;
			children = (
				2CD0093B2647157F00E9AA9B /* Memories_stford_1.app */,
			);
			name = Products;
			sourceTree = "<group>";
		};
		2CD0093D2647157F00E9AA9B /* Memories_stford_1 */ = {
			isa = PBXGroup;
			children = (
				2CD0093E2647157F00E9AA9B /* AppDelegate.swift */,
				2CD009402647157F00E9AA9B /* SceneDelegate.swift */,
				2CD009422647157F00E9AA9B /* ContentView.swift */,
				2CD009472647158000E9AA9B /* Assets.xcassets */,
				2CD0094C2647158000E9AA9B /* LaunchScreen.storyboard */,
				2CD0094F2647158000E9AA9B /* Info.plist */,
				2CD009442647157F00E9AA9B /* Memories_stford_1.xcdatamodeld */,
				2CD009492647158000E9AA9B /* Preview Content */,
			);
			path = Memories_stford_1;
			sourceTree = "<group>";
		};
		2CD009492647158000E9AA9B /* Preview Content */ = {
			isa = PBXGroup;
			children = (
				2CD0094A2647158000E9AA9B /* Preview Assets.xcassets */,
			);
			path = "Preview Content";
			sourceTree = "<group>";
		};
/* End PBXGroup section */

/* Begin PBXNativeTarget section */
		2CD0093A2647157F00E9AA9B /* Memories_stford_1 */ = {
			isa = PBXNativeTarget;
			buildConfigurationList = 2CD009522647158000E9AA9B /* Build configuration list for PBXNativeTarget "Memories_stford_1" */;
			buildPhases = (
				2CD009372647157F00E9AA9B /* Sources */,
				2CD009382647157F00E9AA9B /* Frameworks */,
				2CD009392647157F00E9AA9B /* Resources */,
			);
			buildRules = (
			);
			dependencies = (
			);
			name = Memories_stford_1;
			productName = Memories_stford_1;
			productReference = 2CD0093B2647157F00E9AA9B /* Memories_stford_1.app */;
			productType = "com.apple.product-type.application";
		};
/* End PBXNativeTarget section */

/* Begin PBXProject section */
		2CD009332647157F00E9AA9B /* Project object */ = {
			isa = PBXProject;
			attributes = {
				LastSwiftUpdateCheck = 1220;
				LastUpgradeCheck = 1220;
				TargetAttributes = {
					2CD0093A2647157F00E9AA9B = {
						CreatedOnToolsVersion = 12.2;
					};
				};
			};
			buildConfigurationList = 2CD009362647157F00E9AA9B /* Build configuration list for PBXProject "Memories_stford_1" */;
			compatibilityVersion = "Xcode 9.3";
			developmentRegion = en;
			hasScannedForEncodings = 0;
			knownRegions = (
				en,
				Base,
			);
			mainGroup = 2CD009322647157F00E9AA9B;
			productRefGroup = 2CD0093C2647157F00E9AA9B /* Products */;
			projectDirPath = "";
			projectRoot = "";
			targets = (
				2CD0093A2647157F00E9AA9B /* Memories_stford_1 */,
			);
		};
/* End PBXProject section */

/* Begin PBXResourcesBuildPhase section */
		2CD009392647157F00E9AA9B /* Resources */ = {
			isa = PBXResourcesBuildPhase;
			buildActionMask = 2147483647;
			files = (
				2CD0094E2647158000E9AA9B /* LaunchScreen.storyboard in Resources */,
				2CD0094B2647158000E9AA9B /* Preview Assets.xcassets in Resources */,
				2CD009482647158000E9AA9B /* Assets.xcassets in Resources */,
			);
			runOnlyForDeploymentPostprocessing = 0;
		};
/* End PBXResourcesBuildPhase section */

/* Begin PBXSourcesBuildPhase section */
		2CD009372647157F00E9AA9B /* Sources */ = {
			isa = PBXSourcesBuildPhase;
			buildActionMask = 2147483647;
			files = (
				2CD009462647157F00E9AA9B /* Memories_stford_1.xcdatamodeld in Sources */,
				2CD0093F2647157F00E9AA9B /* AppDelegate.swift in Sources */,
				2CD009412647157F00E9AA9B /* SceneDelegate.swift in Sources */,
				2CD009432647157F00E9AA9B /* ContentView.swift in Sources */,
			);
			runOnlyForDeploymentPostprocessing = 0;
		};
/* End PBXSourcesBuildPhase section */

/* Begin PBXVariantGroup section */
		2CD0094C2647158000E9AA9B /* LaunchScreen.storyboard */ = {
			isa = PBXVariantGroup;
			children = (
				2CD0094D2647158000E9AA9B /* Base */,
			);
			name = LaunchScreen.storyboard;
			sourceTree = "<group>";
		};
/* End PBXVariantGroup section */

/* Begin XCBuildConfiguration section */
		2CD009502647158000E9AA9B /* Debug */ = {
			isa = XCBuildConfiguration;
			buildSettings = {
				ALWAYS_SEARCH_USER_PATHS = NO;
				CLANG_ANALYZER_NONNULL = YES;
				CLANG_ANALYZER_NUMBER_OBJECT_CONVERSION = YES_AGGRESSIVE;
				CLANG_CXX_LANGUAGE_STANDARD = "gnu++14";
				CLANG_CXX_LIBRARY = "libc++";
				CLANG_ENABLE_MODULES = YES;
				CLANG_ENABLE_OBJC_ARC = YES;
				CLANG_ENABLE_OBJC_WEAK = YES;
				CLANG_WARN_BLOCK_CAPTURE_AUTORELEASING = YES;
				CLANG_WARN_BOOL_CONVERSION = YES;
				CLANG_WARN_COMMA = YES;
				CLANG_WARN_CONSTANT_CONVERSION = YES;
				CLANG_WARN_DEPRECATED_OBJC_IMPLEMENTATIONS = YES;
				CLANG_WARN_DIRECT_OBJC_ISA_USAGE = YES_ERROR;
				CLANG_WARN_DOCUMENTATION_COMMENTS = YES;
				CLANG_WARN_EMPTY_BODY = YES;
				CLANG_WARN_ENUM_CONVERSION = YES;
				CLANG_WARN_INFINITE_RECURSION = YES;
				CLANG_WARN_INT_CONVERSION = YES;
				CLANG_WARN_NON_LITERAL_NULL_CONVERSION = YES;
				CLANG_WARN_OBJC_IMPLICIT_RETAIN_SELF = YES;
				CLANG_WARN_OBJC_LITERAL_CONVERSION = YES;
				CLANG_WARN_OBJC_ROOT_CLASS = YES_ERROR;
				CLANG_WARN_QUOTED_INCLUDE_IN_FRAMEWORK_HEADER = YES;
				CLANG_WARN_RANGE_LOOP_ANALYSIS = YES;
				CLANG_WARN_STRICT_PROTOTYPES = YES;
				CLANG_WARN_SUSPICIOUS_MOVE = YES;
				CLANG_WARN_UNGUARDED_AVAILABILITY = YES_AGGRESSIVE;
				CLANG_WARN_UNREACHABLE_CODE = YES;
				CLANG_WARN__DUPLICATE_METHOD_MATCH = YES;
				COPY_PHASE_STRIP = NO;
				DEBUG_INFORMATION_FORMAT = dwarf;
				ENABLE_STRICT_OBJC_MSGSEND = YES;
				ENABLE_TESTABILITY = YES;
				GCC_C_LANGUAGE_STANDARD = gnu11;
				GCC_DYNAMIC_NO_PIC = NO;
				GCC_NO_COMMON_BLOCKS = YES;
				GCC_OPTIMIZATION_LEVEL = 0;
				GCC_PREPROCESSOR_DEFINITIONS = (
					"DEBUG=1",
					"$(inherited)",
				);
				GCC_WARN_64_TO_32_BIT_CONVERSION = YES;
				GCC_WARN_ABOUT_RETURN_TYPE = YES_ERROR;
				GCC_WARN_UNDECLARED_SELECTOR = YES;
				GCC_WARN_UNINITIALIZED_AUTOS = YES_AGGRESSIVE;
				GCC_WARN_UNUSED_FUNCTION = YES;
				GCC_WARN_UNUSED_VARIABLE = YES;
				IPHONEOS_DEPLOYMENT_TARGET = 14.2;
				MTL_ENABLE_DEBUG_INFO = INCLUDE_SOURCE;
				MTL_FAST_MATH = YES;
				ONLY_ACTIVE_ARCH = YES;
				SDKROOT = iphoneos;
				SWIFT_ACTIVE_COMPILATION_CONDITIONS = DEBUG;
				SWIFT_OPTIMIZATION_LEVEL = "-Onone";
			};
			name = Debug;
		};
		2CD009512647158000E9AA9B /* Release */ = {
			isa = XCBuildConfiguration;
			buildSettings = {
				ALWAYS_SEARCH_USER_PATHS = NO;
				CLANG_ANALYZER_NONNULL = YES;
				CLANG_ANALYZER_NUMBER_OBJECT_CONVERSION = YES_AGGRESSIVE;
				CLANG_CXX_LANGUAGE_STANDARD = "gnu++14";
				CLANG_CXX_LIBRARY = "libc++";
				CLANG_ENABLE_MODULES = YES;
				CLANG_ENABLE_OBJC_ARC = YES;
				CLANG_ENABLE_OBJC_WEAK = YES;
				CLANG_WARN_BLOCK_CAPTURE_AUTORELEASING = YES;
				CLANG_WARN_BOOL_CONVERSION = YES;
				CLANG_WARN_COMMA = YES;
				CLANG_WARN_CONSTANT_CONVERSION = YES;
				CLANG_WARN_DEPRECATED_OBJC_IMPLEMENTATIONS = YES;
				CLANG_WARN_DIRECT_OBJC_ISA_USAGE = YES_ERROR;
				CLANG_WARN_DOCUMENTATION_COMMENTS = YES;
				CLANG_WARN_EMPTY_BODY = YES;
				CLANG_WARN_ENUM_CONVERSION = YES;
				CLANG_WARN_INFINITE_RECURSION = YES;
				CLANG_WARN_INT_CONVERSION = YES;
				CLANG_WARN_NON_LITERAL_NULL_CONVERSION = YES;
				CLANG_WARN_OBJC_IMPLICIT_RETAIN_SELF = YES;
				CLANG_WARN_OBJC_LITERAL_CONVERSION = YES;
				CLANG_WARN_OBJC_ROOT_CLASS = YES_ERROR;
				CLANG_WARN_QUOTED_INCLUDE_IN_FRAMEWORK_HEADER = YES;
				CLANG_WARN_RANGE_LOOP_ANALYSIS = YES;
				CLANG_WARN_STRICT_PROTOTYPES = YES;
				CLANG_WARN_SUSPICIOUS_MOVE = YES;
				CLANG_WARN_UNGUARDED_AVAILABILITY = YES_AGGRESSIVE;
				CLANG_WARN_UNREACHABLE_CODE = YES;
				CLANG_WARN__DUPLICATE_METHOD_MATCH = YES;
				COPY_PHASE_STRIP = NO;
				DEBUG_INFORMATION_FORMAT = "dwarf-with-dsym";
				ENABLE_NS_ASSERTIONS = NO;
				ENABLE_STRICT_OBJC_MSGSEND = YES;
				GCC_C_LANGUAGE_STANDARD = gnu11;
				GCC_NO_COMMON_BLOCKS = YES;
				GCC_WARN_64_TO_32_BIT_CONVERSION = YES;
				GCC_WARN_ABOUT_RETURN_TYPE = YES_ERROR;
				GCC_WARN_UNDECLARED_SELECTOR = YES;
				GCC_WARN_UNINITIALIZED_AUTOS = YES_AGGRESSIVE;
				GCC_WARN_UNUSED_FUNCTION = YES;
				GCC_WARN_UNUSED_VARIABLE = YES;
				IPHONEOS_DEPLOYMENT_TARGET = 14.2;
				MTL_ENABLE_DEBUG_INFO = NO;
				MTL_FAST_MATH = YES;
				SDKROOT = iphoneos;
				SWIFT_COMPILATION_MODE = wholemodule;
				SWIFT_OPTIMIZATION_LEVEL = "-O";
				VALIDATE_PRODUCT = YES;
			};
			name = Release;
		};
		2CD009532647158000E9AA9B /* Debug */ = {
			isa = XCBuildConfiguration;
			buildSettings = {
				ASSETCATALOG_COMPILER_APPICON_NAME = AppIcon;
				ASSETCATALOG_COMPILER_GLOBAL_ACCENT_COLOR_NAME = AccentColor;
				CODE_SIGN_STYLE = Automatic;
				DEVELOPMENT_ASSET_PATHS = "\"Memories_stford_1/Preview Content\"";
				DEVELOPMENT_TEAM = X4Q9MUR658;
				ENABLE_PREVIEWS = YES;
				INFOPLIST_FILE = Memories_stford_1/Info.plist;
				LD_RUNPATH_SEARCH_PATHS = (
					"$(inherited)",
					"@executable_path/Frameworks",
				);
				PRODUCT_BUNDLE_IDENTIFIER = "com.alpinetest.Memories-stford-1";
				PRODUCT_NAME = "$(TARGET_NAME)";
				SWIFT_VERSION = 5.0;
				TARGETED_DEVICE_FAMILY = "1,2";
			};
			name = Debug;
		};
		2CD009542647158000E9AA9B /* Release */ = {
			isa = XCBuildConfiguration;
			buildSettings = {
				ASSETCATALOG_COMPILER_APPICON_NAME = AppIcon;
				ASSETCATALOG_COMPILER_GLOBAL_ACCENT_COLOR_NAME = AccentColor;
				CODE_SIGN_STYLE = Automatic;
				DEVELOPMENT_ASSET_PATHS = "\"Memories_stford_1/Preview Content\"";
				DEVELOPMENT_TEAM = X4Q9MUR658;
				ENABLE_PREVIEWS = YES;
				INFOPLIST_FILE = Memories_stford_1/Info.plist;
				LD_RUNPATH_SEARCH_PATHS = (
					"$(inherited)",
					"@executable_path/Frameworks",
				);
				PRODUCT_BUNDLE_IDENTIFIER = "com.alpinetest.Memories-stford-1";
				PRODUCT_NAME = "$(TARGET_NAME)";
				SWIFT_VERSION = 5.0;
				TARGETED_DEVICE_FAMILY = "1,2";
			};
			name = Release;
		};
/* End XCBuildConfiguration section */

/* Begin XCConfigurationList section */
		2CD009362647157F00E9AA9B /* Build configuration list for PBXProject "Memories_stford_1" */ = {
			isa = XCConfigurationList;
			buildConfigurations = (
				2CD009502647158000E9AA9B /* Debug */,
				2CD009512647158000E9AA9B /* Release */,
			);
			defaultConfigurationIsVisible = 0;
			defaultConfigurationName = Release;
		};
		2CD009522647158000E9AA9B /* Build configuration list for PBXNativeTarget "Memories_stford_1" */ = {
			isa = XCConfigurationList;
			buildConfigurations = (
				2CD009532647158000E9AA9B /* Debug */,
				2CD009542647158000E9AA9B /* Release */,
			);
			defaultConfigurationIsVisible = 0;
			defaultConfigurationName = Release;
		};
/* End XCConfigurationList section */

/* Begin XCVersionGroup section */
		2CD009442647157F00E9AA9B /* Memories_stford_1.xcdatamodeld */ = {
			isa = XCVersionGroup;
			children = (
				2CD009452647157F00E9AA9B /* Memories_stford_1.xcdatamodel */,
			);
			currentVersion = 2CD009452647157F00E9AA9B /* Memories_stford_1.xcdatamodel */;
			path = Memories_stford_1.xcdatamodeld;
			sourceTree = "<group>";
			versionGroupType = wrapper.xcdatamodel;
		};
/* End XCVersionGroup section */
	};
	rootObject = 2CD009332647157F00E9AA9B /* Project object */;
}
